
Microsoft Visual Studio Solution File, Format Version 12.00
# Visual Studio Version 17
VisualStudioVersion = 17.14.37111.16
MinimumVisualStudioVersion = 10.0.40219.1
Project("{2150E333-8FDC-42A3-9474-1A3956D46DE8}") = "src", "src", "{06081515-58DA-4D43-9A6F-E59A21A66A45}"
EndProject
Project("{FAE04EC0-301F-11D3-BF4B-00C04F79EFBC}") = "Host", "src\Host\Host.csproj", "{7928B7E6-49A2-4D54-9152-9EC3F9FAAC2E}"
EndProject
Project("{FAE04EC0-301F-11D3-BF4B-00C04F79EFBC}") = "Web", "src\Web\Web.csproj", "{802FE083-007E-4B3F-9EE2-0B21260C2859}"
EndProject
Project("{2150E333-8FDC-42A3-9474-1A3956D46DE8}") = "Integrations", "Integrations", "{9A6B499F-1A2B-4455-B896-994612096C2C}"
EndProject
Project("{FAE04EC0-301F-11D3-BF4B-00C04F79EFBC}") = "Telegram", "src\Integrations\Telegram\Telegram.csproj", "{D98EA307-B9F5-4A37-BEB9-90B02C32F73D}"
EndProject
Project("{FAE04EC0-301F-11D3-BF4B-00C04F79EFBC}") = "HostJobs", "src\HostJobs\HostJobs.csproj", "{FE44FBC1-BA6C-4FBA-B997-71151D432FF4}"
EndProject
Project("{FAE04EC0-301F-11D3-BF4B-00C04F79EFBC}") = "Domain", "src\Domain\Domain.csproj", "{1332FDD0-CFA7-4C64-B99A-1935A8706E15}"
EndProject
Project("{FAE04EC0-301F-11D3-BF4B-00C04F79EFBC}") = "Data", "src\Data\Data.csproj", "{B2A6EA8D-63F6-4667-A555-483FEF4C9608}"
EndProject
Project("{FAE04EC0-301F-11D3-BF4B-00C04F79EFBC}") = "Contracts", "src\Contracts\Contracts.csproj", "{F77CD3E8-975D-4A1E-AC57-2F45E509AA3B}"
EndProject
Project("{FAE04EC0-301F-11D3-BF4B-00C04F79EFBC}") = "Application", "src\Application\Application.csproj", "{328216DF-C714-487E-A3B0-053C426BC6CA}"
EndProject
Project("{2150E333-8FDC-42A3-9474-1A3956D46DE8}") = "Common", "Common", "{C6449E1F-0D49-49F7-865F-BD6BD745C757}"
EndProject
Project("{FAE04EC0-301F-11D3-BF4B-00C04F79EFBC}") = "Extensions", "src\Common\Extensions\Extensions.csproj", "{24E3BDC1-F6AF-4EAD-949C-A809205D9537}"
EndProject
Project("{E53339B2-1760-4266-BCC7-CA923CBCF16C}") = "docker-compose", "docker-compose.dcproj", "{81DDED9D-158B-E303-5F62-77A2896D2A5A}"
EndProject
Project("{FAE04EC0-301F-11D3-BF4B-00C04F79EFBC}") = "TelegramBot", "src\TelegramBot\TelegramBot.csproj", "{755F90FC-890E-492F-A26A-5D60CFCE7DCE}"
EndProject
Project("{2150E333-8FDC-42A3-9474-1A3956D46DE8}") = "tests", "tests", "{0AB3BF05-4346-4AA6-1389-037BE0695223}"
EndProject
Project("{FAE04EC0-301F-11D3-BF4B-00C04F79EFBC}") = "BuJo.Application.Tests", "tests\BuJo.Application.Tests\BuJo.Application.Tests.csproj", "{96EFECFC-AA0C-4D37-930B-1BBE0F22234F}"
EndProject
Global
	GlobalSection(SolutionConfigurationPlatforms) = preSolution
		Debug|Any CPU = Debug|Any CPU
		Debug|x64 = Debug|x64
		Debug|x86 = Debug|x86
		Release|Any CPU = Release|Any CPU
		Release|x64 = Release|x64
		Release|x86 = Release|x86
	EndGlobalSection
	GlobalSection(ProjectConfigurationPlatforms) = postSolution
		{7928B7E6-49A2-4D54-9152-9EC3F9FAAC2E}.Debug|Any CPU.ActiveCfg = Debug|Any CPU
		{7928B7E6-49A2-4D54-9152-9EC3F9FAAC2E}.Debug|Any CPU.Build.0 = Debug|Any CPU
		{7928B7E6-49A2-4D54-9152-9EC3F9FAAC2E}.Debug|x64.ActiveCfg = Debug|Any CPU
		{7928B7E6-49A2-4D54-9152-9EC3F9FAAC2E}.Debug|x64.Build.0 = Debug|Any CPU
		{7928B7E6-49A2-4D54-9152-9EC3F9FAAC2E}.Debug|x86.ActiveCfg = Debug|Any CPU
		{7928B7E6-49A2-4D54-9152-9EC3F9FAAC2E}.Debug|x86.Build.0 = Debug|Any CPU
		{7928B7E6-49A2-4D54-9152-9EC3F9FAAC2E}.Release|Any CPU.ActiveCfg = Release|Any CPU
		{7928B7E6-49A2-4D54-9152-9EC3F9FAAC2E}.Release|Any CPU.Build.0 = Release|Any CPU
		{7928B7E6-49A2-4D54-9152-9EC3F9FAAC2E}.Release|x64.ActiveCfg = Release|Any CPU
		{7928B7E6-49A2-4D54-9152-9EC3F9FAAC2E}.Release|x64.Build.0 = Release|Any CPU
		{7928B7E6-49A2-4D54-9152-9EC3F9FAAC2E}.Release|x86.ActiveCfg = Release|Any CPU
		{7928B7E6-49A2-4D54-9152-9EC3F9FAAC2E}.Release|x86.Build.0 = Release|Any CPU
		{802FE083-007E-4B3F-9EE2-0B21260C2859}.Debug|Any CPU.ActiveCfg = Debug|Any CPU
		{802FE083-007E-4B3F-9EE2-0B21260C2859}.Debug|Any CPU.Build.0 = Debug|Any CPU
		{802FE083-007E-4B3F-9EE2-0B21260C2859}.Debug|x64.ActiveCfg = Debug|Any CPU
		{802FE083-007E-4B3F-9EE2-0B21260C2859}.Debug|x64.Build.0 = Debug|Any CPU
		{802FE083-007E-4B3F-9EE2-0B21260C2859}.Debug|x86.ActiveCfg = Debug|Any CPU
		{802FE083-007E-4B3F-9EE2-0B21260C2859}.Debug|x86.Build.0 = Debug|Any CPU
		{802FE083-007E-4B3F-9EE2-0B21260C2859}.Release|Any CPU.ActiveCfg = Release|Any CPU
		{802FE083-007E-4B3F-9EE2-0B21260C2859}.Release|Any CPU.Build.0 = Release|Any CPU
		{802FE083-007E-4B3F-9EE2-0B21260C2859}.Release|x64.ActiveCfg = Release|Any CPU
		{802FE083-007E-4B3F-9EE2-0B21260C2859}.Release|x64.Build.0 = Release|Any CPU
		{802FE083-007E-4B3F-9EE2-0B21260C2859}.Release|x86.ActiveCfg = Release|Any CPU
		{802FE083-007E-4B3F-9EE2-0B21260C2859}.Release|x86.Build.0 = Release|Any CPU
		{D98EA307-B9F5-4A37-BEB9-90B02C32F73D}.Debug|Any CPU.ActiveCfg = Debug|Any CPU
		{D98EA307-B9F5-4A37-BEB9-90B02C32F73D}.Debug|Any CPU.Build.0 = Debug|Any CPU
		{D98EA307-B9F5-4A37-BEB9-90B02C32F73D}.Debug|x64.ActiveCfg = Debug|Any CPU
		{D98EA307-B9F5-4A37-BEB9-90B02C32F73D}.Debug|x64.Build.0 = Debug|Any CPU
		{D98EA307-B9F5-4A37-BEB9-90B02C32F73D}.Debug|x86.ActiveCfg = Debug|Any CPU
		{D98EA307-B9F5-4A37-BEB9-90B02C32F73D}.Debug|x86.Build.0 = Debug|Any CPU
		{D98EA307-B9F5-4A37-BEB9-90B02C32F73D}.Release|Any CPU.ActiveCfg = Release|Any CPU
		{D98EA307-B9F5-4A37-BEB9-90B02C32F73D}.Release|Any CPU.Build.0 = Release|Any CPU
		{D98EA307-B9F5-4A37-BEB9-90B02C32F73D}.Release|x64.ActiveCfg = Release|Any CPU
		{D98EA307-B9F5-4A37-BEB9-90B02C32F73D}.Release|x64.Build.0 = Release|Any CPU
		{D98EA307-B9F5-4A37-BEB9-90B02C32F73D}.Release|x86.ActiveCfg = Release|Any CPU
		{D98EA307-B9F5-4A37-BEB9-90B02C32F73D}.Release|x86.Build.0 = Release|Any CPU
		{FE44FBC1-BA6C-4FBA-B997-71151D432FF4}.Debug|Any CPU.ActiveCfg = Debug|Any CPU
		{FE44FBC1-BA6C-4FBA-B997-71151D432FF4}.Debug|Any CPU.Build.0 = Debug|Any CPU
		{FE44FBC1-BA6C-4FBA-B997-71151D432FF4}.Debug|x64.ActiveCfg = Debug|Any CPU
		{FE44FBC1-BA6C-4FBA-B997-71151D432FF4}.Debug|x64.Build.0 = Debug|Any CPU
		{FE44FBC1-BA6C-4FBA-B997-71151D432FF4}.Debug|x86.ActiveCfg = Debug|Any CPU
		{FE44FBC1-BA6C-4FBA-B997-71151D432FF4}.Debug|x86.Build.0 = Debug|Any CPU
		{FE44FBC1-BA6C-4FBA-B997-71151D432FF4}.Release|Any CPU.ActiveCfg = Release|Any CPU
		{FE44FBC1-BA6C-4FBA-B997-71151D432FF4}.Release|Any CPU.Build.0 = Release|Any CPU
		{FE44FBC1-BA6C-4FBA-B997-71151D432FF4}.Release|x64.ActiveCfg = Release|Any CPU
		{FE44FBC1-BA6C-4FBA-B997-71151D432FF4}.Release|x64.Build.0 = Release|Any CPU
		{FE44FBC1-BA6C-4FBA-B997-71151D432FF4}.Release|x86.ActiveCfg = Release|Any CPU
		{FE44FBC1-BA6C-4FBA-B997-71151D432FF4}.Release|x86.Build.0 = Release|Any CPU
		{1332FDD0-CFA7-4C64-B99A-1935A8706E15}.Debug|Any CPU.ActiveCfg = Debug|Any CPU
		{1332FDD0-CFA7-4C64-B99A-1935A8706E15}.Debug|Any CPU.Build.0 = Debug|Any CPU
		{1332FDD0-CFA7-4C64-B99A-1935A8706E15}.Debug|x64.ActiveCfg = Debug|Any CPU
		{1332FDD0-CFA7-4C64-B99A-1935A8706E15}.Debug|x64.Build.0 = Debug|Any CPU
		{1332FDD0-CFA7-4C64-B99A-1935A8706E15}.Debug|x86.ActiveCfg = Debug|Any CPU
		{1332FDD0-CFA7-4C64-B99A-1935A8706E15}.Debug|x86.Build.0 = Debug|Any CPU
		{1332FDD0-CFA7-4C64-B99A-1935A8706E15}.Release|Any CPU.ActiveCfg = Release|Any CPU
		{1332FDD0-CFA7-4C64-B99A-1935A8706E15}.Release|Any CPU.Build.0 = Release|Any CPU
		{1332FDD0-CFA7-4C64-B99A-1935A8706E15}.Release|x64.ActiveCfg = Release|Any CPU
		{1332FDD0-CFA7-4C64-B99A-1935A8706E15}.Release|x64.Build.0 = Release|Any CPU
		{1332FDD0-CFA7-4C64-B99A-1935A8706E15}.Release|x86.ActiveCfg = Release|Any CPU
		{1332FDD0-CFA7-4C64-B99A-1935A8706E15}.Release|x86.Build.0 = Release|Any CPU
		{B2A6EA8D-63F6-4667-A555-483FEF4C9608}.Debug|Any CPU.ActiveCfg = Debug|Any CPU
		{B2A6EA8D-63F6-4667-A555-483FEF4C9608}.Debug|Any CPU.Build.0 = Debug|Any CPU
		{B2A6EA8D-63F6-4667-A555-483FEF4C9608}.Debug|x64.ActiveCfg = Debug|Any CPU
		{B2A6EA8D-63F6-4667-A555-483FEF4C9608}.Debug|x64.Build.0 = Debug|Any CPU
		{B2A6EA8D-63F6-4667-A555-483FEF4C9608}.Debug|x86.ActiveCfg = Debug|Any CPU
		{B2A6EA8D-63F6-4667-A555-483FEF4C9608}.Debug|x86.Build.0 = Debug|Any CPU
		{B2A6EA8D-63F6-4667-A555-483FEF4C9608}.Release|Any CPU.ActiveCfg = Release|Any CPU
		{B2A6EA8D-63F6-4667-A555-483FEF4C9608}.Release|Any CPU.Build.0 = Release|Any CPU
		{B2A6EA8D-63F6-4667-A555-483FEF4C9608}.Release|x64.ActiveCfg = Release|Any CPU
		{B2A6EA8D-63F6-4667-A555-483FEF4C9608}.Release|x64.Build.0 = Release|Any CPU
		{B2A6EA8D-63F6-4667-A555-483FEF4C9608}.Release|x86.ActiveCfg = Release|Any CPU
		{B2A6EA8D-63F6-4667-A555-483FEF4C9608}.Release|x86.Build.0 = Release|Any CPU
		{F77CD3E8-975D-4A1E-AC57-2F45E509AA3B}.Debug|Any CPU.ActiveCfg = Debug|Any CPU
		{F77CD3E8-975D-4A1E-AC57-2F45E509AA3B}.Debug|Any CPU.Build.0 = Debug|Any CPU
		{F77CD3E8-975D-4A1E-AC57-2F45E509AA3B}.Debug|x64.ActiveCfg = Debug|Any CPU
		{F77CD3E8-975D-4A1E-AC57-2F45E509AA3B}.Debug|x64.Build.0 = Debug|Any CPU
		{F77CD3E8-975D-4A1E-AC57-2F45E509AA3B}.Debug|x86.ActiveCfg = Debug|Any CPU
		{F77CD3E8-975D-4A1E-AC57-2F45E509AA3B}.Debug|x86.Build.0 = Debug|Any CPU
		{F77CD3E8-975D-4A1E-AC57-2F45E509AA3B}.Release|Any CPU.ActiveCfg = Release|Any CPU
		{F77CD3E8-975D-4A1E-AC57-2F45E509AA3B}.Release|Any CPU.Build.0 = Release|Any CPU
		{F77CD3E8-975D-4A1E-AC57-2F45E509AA3B}.Release|x64.ActiveCfg = Release|Any CPU
		{F77CD3E8-975D-4A1E-AC57-2F45E509AA3B}.Release|x64.Build.0 = Release|Any CPU
		{F77CD3E8-975D-4A1E-AC57-2F45E509AA3B}.Release|x86.ActiveCfg = Release|Any CPU
		{F77CD3E8-975D-4A1E-AC57-2F45E509AA3B}.Release|x86.Build.0 = Release|Any CPU
		{328216DF-C714-487E-A3B0-053C426BC6CA}.Debug|Any CPU.ActiveCfg = Debug|Any CPU
		{328216DF-C714-487E-A3B0-053C426BC6CA}.Debug|Any CPU.Build.0 = Debug|Any CPU
		{328216DF-C714-487E-A3B0-053C426BC6CA}.Debug|x64.ActiveCfg = Debug|Any CPU
		{328216DF-C714-487E-A3B0-053C426BC6CA}.Debug|x64.Build.0 = Debug|Any CPU
		{328216DF-C714-487E-A3B0-053C426BC6CA}.Debug|x86.ActiveCfg = Debug|Any CPU
		{328216DF-C714-487E-A3B0-053C426BC6CA}.Debug|x86.Build.0 = Debug|Any CPU
		{328216DF-C714-487E-A3B0-053C426BC6CA}.Release|Any CPU.ActiveCfg = Release|Any CPU
		{328216DF-C714-487E-A3B0-053C426BC6CA}.Release|Any CPU.Build.0 = Release|Any CPU
		{328216DF-C714-487E-A3B0-053C426BC6CA}.Release|x64.ActiveCfg = Release|Any CPU
		{328216DF-C714-487E-A3B0-053C426BC6CA}.Release|x64.Build.0 = Release|Any CPU
		{328216DF-C714-487E-A3B0-053C426BC6CA}.Release|x86.ActiveCfg = Release|Any CPU
		{328216DF-C714-487E-A3B0-053C426BC6CA}.Release|x86.Build.0 = Release|Any CPU
		{24E3BDC1-F6AF-4EAD-949C-A809205D9537}.Debug|Any CPU.ActiveCfg = Debug|Any CPU
		{24E3BDC1-F6AF-4EAD-949C-A809205D9537}.Debug|Any CPU.Build.0 = Debug|Any CPU
		{24E3BDC1-F6AF-4EAD-949C-A809205D9537}.Debug|x64.ActiveCfg = Debug|Any CPU
		{24E3BDC1-F6AF-4EAD-949C-A809205D9537}.Debug|x64.Build.0 = Debug|Any CPU
		{24E3BDC1-F6AF-4EAD-949C-A809205D9537}.Debug|x86.ActiveCfg = Debug|Any CPU
		{24E3BDC1-F6AF-4EAD-949C-A809205D9537}.Debug|x86.Build.0 = Debug|Any CPU
		{24E3BDC1-F6AF-4EAD-949C-A809205D9537}.Release|Any CPU.ActiveCfg = Release|Any CPU
		{24E3BDC1-F6AF-4EAD-949C-A809205D9537}.Release|Any CPU.Build.0 = Release|Any CPU
		{24E3BDC1-F6AF-4EAD-949C-A809205D9537}.Release|x64.ActiveCfg = Release|Any CPU
		{24E3BDC1-F6AF-4EAD-949C-A809205D9537}.Release|x64.Build.0 = Release|Any CPU
		{24E3BDC1-F6AF-4EAD-949C-A809205D9537}.Release|x86.ActiveCfg = Release|Any CPU
		{24E3BDC1-F6AF-4EAD-949C-A809205D9537}.Release|x86.Build.0 = Release|Any CPU
		{81DDED9D-158B-E303-5F62-77A2896D2A5A}.Debug|Any CPU.ActiveCfg = Debug|Any CPU
		{81DDED9D-158B-E303-5F62-77A2896D2A5A}.Debug|Any CPU.Build.0 = Debug|Any CPU
		{81DDED9D-158B-E303-5F62-77A2896D2A5A}.Debug|x64.ActiveCfg = Debug|x64
		{81DDED9D-158B-E303-5F62-77A2896D2A5A}.Debug|x86.ActiveCfg = Debug|x86
		{81DDED9D-158B-E303-5F62-77A2896D2A5A}.Release|Any CPU.ActiveCfg = Release|Any CPU
		{81DDED9D-158B-E303-5F62-77A2896D2A5A}.Release|Any CPU.Build.0 = Release|Any CPU
		{81DDED9D-158B-E303-5F62-77A2896D2A5A}.Release|x64.ActiveCfg = Release|x64
		{81DDED9D-158B-E303-5F62-77A2896D2A5A}.Release|x86.ActiveCfg = Release|x86
		{755F90FC-890E-492F-A26A-5D60CFCE7DCE}.Debug|Any CPU.ActiveCfg = Debug|Any CPU
		{755F90FC-890E-492F-A26A-5D60CFCE7DCE}.Debug|Any CPU.Build.0 = Debug|Any CPU
		{755F90FC-890E-492F-A26A-5D60CFCE7DCE}.Debug|x64.ActiveCfg = Debug|Any CPU
		{755F90FC-890E-492F-A26A-5D60CFCE7DCE}.Debug|x64.Build.0 = Debug|Any CPU
		{755F90FC-890E-492F-A26A-5D60CFCE7DCE}.Debug|x86.ActiveCfg = Debug|Any CPU
		{755F90FC-890E-492F-A26A-5D60CFCE7DCE}.Debug|x86.Build.0 = Debug|Any CPU
		{755F90FC-890E-492F-A26A-5D60CFCE7DCE}.Release|Any CPU.ActiveCfg = Release|Any CPU
		{755F90FC-890E-492F-A26A-5D60CFCE7DCE}.Release|Any CPU.Build.0 = Release|Any CPU
		{755F90FC-890E-492F-A26A-5D60CFCE7DCE}.Release|x64.ActiveCfg = Release|Any CPU
		{755F90FC-890E-492F-A26A-5D60CFCE7DCE}.Release|x64.Build.0 = Release|Any CPU
		{755F90FC-890E-492F-A26A-5D60CFCE7DCE}.Release|x86.ActiveCfg = Release|Any CPU
		{755F90FC-890E-492F-A26A-5D60CFCE7DCE}.Release|x86.Build.0 = Release|Any CPU
		{96EFECFC-AA0C-4D37-930B-1BBE0F22234F}.Debug|Any CPU.ActiveCfg = Debug|Any CPU
		{96EFECFC-AA0C-4D37-930B-1BBE0F22234F}.Debug|Any CPU.Build.0 = Debug|Any CPU
		{96EFECFC-AA0C-4D37-930B-1BBE0F22234F}.Debug|x64.ActiveCfg = Debug|Any CPU
		{96EFECFC-AA0C-4D37-930B-1BBE0F22234F}.Debug|x64.Build.0 = Debug|Any CPU
		{96EFECFC-AA0C-4D37-930B-1BBE0F22234F}.Debug|x86.ActiveCfg = Debug|Any CPU
		{96EFECFC-AA0C-4D37-930B-1BBE0F22234F}.Debug|x86.Build.0 = Debug|Any CPU
		{96EFECFC-AA0C-4D37-930B-1BBE0F22234F}.Release|Any CPU.ActiveCfg = Release|Any CPU
		{96EFECFC-AA0C-4D37-930B-1BBE0F22234F}.Release|Any CPU.Build.0 = Release|Any CPU
		{96EFECFC-AA0C-4D37-930B-1BBE0F22234F}.Release|x64.ActiveCfg = Release|Any CPU
		{96EFECFC-AA0C-4D37-930B-1BBE0F22234F}.Release|x64.Build.0 = Release|Any CPU
		{96EFECFC-AA0C-4D37-930B-1BBE0F22234F}.Release|x86.ActiveCfg = Release|Any CPU
		{96EFECFC-AA0C-4D37-930B-1BBE0F22234F}.Release|x86.Build.0 = Release|Any CPU
	EndGlobalSection
	GlobalSection(SolutionProperties) = preSolution
		HideSolutionNode = FALSE
	EndGlobalSection
	GlobalSection(NestedProjects) = preSolution
		{7928B7E6-49A2-4D54-9152-9EC3F9FAAC2E} = {06081515-58DA-4D43-9A6F-E59A21A66A45}
		{802FE083-007E-4B3F-9EE2-0B21260C2859} = {06081515-58DA-4D43-9A6F-E59A21A66A45}
		{9A6B499F-1A2B-4455-B896-994612096C2C} = {06081515-58DA-4D43-9A6F-E59A21A66A45}
		{D98EA307-B9F5-4A37-BEB9-90B02C32F73D} = {9A6B499F-1A2B-4455-B896-994612096C2C}
		{FE44FBC1-BA6C-4FBA-B997-71151D432FF4} = {06081515-58DA-4D43-9A6F-E59A21A66A45}
		{1332FDD0-CFA7-4C64-B99A-1935A8706E15} = {06081515-58DA-4D43-9A6F-E59A21A66A45}
		{B2A6EA8D-63F6-4667-A555-483FEF4C9608} = {06081515-58DA-4D43-9A6F-E59A21A66A45}
		{F77CD3E8-975D-4A1E-AC57-2F45E509AA3B} = {06081515-58DA-4D43-9A6F-E59A21A66A45}
		{328216DF-C714-487E-A3B0-053C426BC6CA} = {06081515-58DA-4D43-9A6F-E59A21A66A45}
		{C6449E1F-0D49-49F7-865F-BD6BD745C757} = {06081515-58DA-4D43-9A6F-E59A21A66A45}
		{24E3BDC1-F6AF-4EAD-949C-A809205D9537} = {C6449E1F-0D49-49F7-865F-BD6BD745C757}
		{755F90FC-890E-492F-A26A-5D60CFCE7DCE} = {06081515-58DA-4D43-9A6F-E59A21A66A45}
		{96EFECFC-AA0C-4D37-930B-1BBE0F22234F} = {0AB3BF05-4346-4AA6-1389-037BE0695223}
	EndGlobalSection
EndGlobal
