
Microsoft Visual Studio Solution File, Format Version 12.00
Project("{2150E333-8FDC-42A3-9474-1A3956D46DE8}") = "src", "src", "{06081515-58DA-4D43-9A6F-E59A21A66A45}"
EndProject
Project("{FAE04EC0-301F-11D3-BF4B-00C04F79EFBC}") = "BuJo.Host", "src\BuJo.Host\BuJo.Host.csproj", "{7928B7E6-49A2-4D54-9152-9EC3F9FAAC2E}"
EndProject
Global
	GlobalSection(SolutionConfigurationPlatforms) = preSolution
		Debug|Any CPU = Debug|Any CPU
		Release|Any CPU = Release|Any CPU
	EndGlobalSection
	GlobalSection(NestedProjects) = preSolution
		{7928B7E6-49A2-4D54-9152-9EC3F9FAAC2E} = {06081515-58DA-4D43-9A6F-E59A21A66A45}
	EndGlobalSection
	GlobalSection(ProjectConfigurationPlatforms) = postSolution
		{7928B7E6-49A2-4D54-9152-9EC3F9FAAC2E}.Debug|Any CPU.ActiveCfg = Debug|Any CPU
		{7928B7E6-49A2-4D54-9152-9EC3F9FAAC2E}.Debug|Any CPU.Build.0 = Debug|Any CPU
		{7928B7E6-49A2-4D54-9152-9EC3F9FAAC2E}.Release|Any CPU.ActiveCfg = Release|Any CPU
		{7928B7E6-49A2-4D54-9152-9EC3F9FAAC2E}.Release|Any CPU.Build.0 = Release|Any CPU
	EndGlobalSection
EndGlobal
